package.json
temp/src/funcs/deviceFlowDeviceCompleteApiForm.ts
docs/sdks/authlete/README.md
docs/lib/utils/retryconfig.md
docs/sdks/authorizationendpoint/README.md
docs/sdks/ciba/README.md
docs/sdks/clientmanagement/README.md
docs/sdks/deviceflow/README.md
docs/sdks/dynamicclientregistration/README.md
docs/sdks/federationendpoint/README.md
docs/sdks/grantmanagementendpoint/README.md
docs/sdks/hardwaresecuritykey/README.md
docs/sdks/introspectionendpoint/README.md
docs/sdks/joseobject/README.md
docs/sdks/jwksetendpoint/README.md
docs/sdks/pushedauthorizationendpoint/README.md
docs/sdks/revocationendpoint/README.md
docs/sdks/servicemanagement/README.md
docs/sdks/tokenendpoint/README.md
docs/sdks/tokenoperations/README.md
docs/sdks/userinfoendpoint/README.md
docs/sdks/utilityendpoints/README.md
docs/sdks/verifiablecredentialissuer/README.md
