speakeasyVersion: 1.603.2
sources:
    Authlete API Explorer:
        sourceNamespace: authlete-api-explorer
        sourceRevisionDigest: sha256:00a4b496edbe3b58c8df564fcbe1555c6b478007060a5c3bb4871a496c393ea8
        sourceBlobDigest: sha256:b5988dd009b439691420c34597ab7bc8d275655354e9a7550b13e92ce494f506
        tags:
            - latest
            - speakeasy-sdk-regen-1754838373
            - 3.0.0
    authlete-OAS:
        sourceNamespace: authlete-oas
        sourceRevisionDigest: sha256:4473f2c8f1cb77ba4b939e837b85137c753870f4f952dc0b267e05f1dbb9782d
        sourceBlobDigest: sha256:83a392156904152495b10a91102592ab97744b65ba7e1a63efadd4b09fb0c58c
        tags:
            - latest
            - speakeasy-sdk-regen-1755188872
            - 3.0.0
targets:
    authlete:
        source: authlete-OAS
        sourceNamespace: authlete-oas
        sourceRevisionDigest: sha256:4473f2c8f1cb77ba4b939e837b85137c753870f4f952dc0b267e05f1dbb9782d
        sourceBlobDigest: sha256:83a392156904152495b10a91102592ab97744b65ba7e1a63efadd4b09fb0c58c
        codeSamplesNamespace: authlete-oas-typescript-code-samples
        codeSamplesRevisionDigest: sha256:da7aec02311adf7fb6e92fba9202d696f0146c4cdda7ccd147a19a6795f77162
workflow:
    workflowVersion: 1.0.0
    speakeasyVersion: latest
    sources:
        authlete-OAS:
            inputs:
                - location: .speakeasy/spec/authlete2.yaml
            output: .speakeasy/out.openapi.yaml
            registry:
                location: registry.speakeasyapi.dev/v0/1/authlete-oas
    targets:
        authlete:
            target: typescript
            source: authlete-OAS
            publish:
                npm:
                    token: $npm_token
            codeSamples:
                registry:
                    location: registry.speakeasyapi.dev/v0/1/authlete-oas-typescript-code-samples
                labelOverride:
                    fixedValue: Typescript (SDK)
                blocking: false
