speakeasyVersion: 1.601.0
sources:
    Authlete API Explorer:
        sourceNamespace: authlete-api-explorer
        sourceRevisionDigest: sha256:00a4b496edbe3b58c8df564fcbe1555c6b478007060a5c3bb4871a496c393ea8
        sourceBlobDigest: sha256:b5988dd009b439691420c34597ab7bc8d275655354e9a7550b13e92ce494f506
        tags:
            - latest
            - speakeasy-sdk-regen-1754838373
            - 3.0.0
    authlete-OAS:
        sourceNamespace: authlete-oas
        sourceRevisionDigest: sha256:23ca3cb902656a62868e25a9fee4c470c489379dad949a712d4a5513a2feb287
        sourceBlobDigest: sha256:56b0ebdadd42d3f753155b368ed30f14f79c5310869a0f9a29e24afd7816831a
        tags:
            - latest
            - speakeasy-sdk-regen-1754944356
            - 3.0.0
targets:
    authlete:
        source: authlete-OAS
        sourceNamespace: authlete-oas
        sourceRevisionDigest: sha256:23ca3cb902656a62868e25a9fee4c470c489379dad949a712d4a5513a2feb287
        sourceBlobDigest: sha256:56b0ebdadd42d3f753155b368ed30f14f79c5310869a0f9a29e24afd7816831a
        codeSamplesNamespace: authlete-oas-typescript-code-samples
        codeSamplesRevisionDigest: sha256:2bc6dc85654e200640e4c47dfebd82c708ac1b18facb05b5b26cf4335581f2a3
workflow:
    workflowVersion: 1.0.0
    speakeasyVersion: latest
    sources:
        authlete-OAS:
            inputs:
                - location: .speakeasy/spec/new3.yaml
            output: .speakeasy/out.openapi.yaml
            registry:
                location: registry.speakeasyapi.dev/v0/1/authlete-oas
    targets:
        authlete:
            target: typescript
            source: authlete-OAS
            codeSamples:
                registry:
                    location: registry.speakeasyapi.dev/v0/1/authlete-oas-typescript-code-samples
                labelOverride:
                    fixedValue: Typescript (SDK)
                blocking: false
