speakeasyVersion: 1.600.2
sources:
    Authlete API Explorer:
        sourceNamespace: authlete-api-explorer
        sourceRevisionDigest: sha256:1e497a70db44207d3ce7f61b2a441fbed5e95c744060dcbb1034e6303d912a48
        sourceBlobDigest: sha256:cce2ca4efe11683e3420423cda50825b600e8b0f76596d759fa4c2ea92102d6b
        tags:
            - latest
            - 3.0.0
targets:
    authlete:
        source: Authlete API Explorer
        sourceNamespace: authlete-api-explorer
        sourceRevisionDigest: sha256:1e497a70db44207d3ce7f61b2a441fbed5e95c744060dcbb1034e6303d912a48
        sourceBlobDigest: sha256:cce2ca4efe11683e3420423cda50825b600e8b0f76596d759fa4c2ea92102d6b
        codeSamplesNamespace: authlete-api-explorer-typescript-code-samples
        codeSamplesRevisionDigest: sha256:e96ace9bc2dd3a8fd59ab6dec22d6915bafdf0d69141ab483ba63d2c0f4c11c1
workflow:
    workflowVersion: 1.0.0
    speakeasyVersion: latest
    sources:
        Authlete API Explorer:
            inputs:
                - location: ../new.yaml
            transformations:
                - removeUnused: true
            output: .speakeasy/out.openapi.yaml
            registry:
                location: registry.speakeasyapi.dev/v0/1/authlete-api-explorer
    targets:
        authlete:
            target: typescript
            source: Authlete API Explorer
            codeSamples:
                registry:
                    location: registry.speakeasyapi.dev/v0/1/authlete-api-explorer-typescript-code-samples
                labelOverride:
                    fixedValue: Typescript (SDK)
                blocking: false
